// !$*UTF8*$!
{
	archiveVersion = 1;
	classes = {
	};
	objectVersion = 46;
	objects = {

/* Begin PBXBuildFile section */
		55CD6D231E64A2B400E0B0C6 /* AppDelegate.swift in Sources */ = {isa = PBXBuildFile; fileRef = 55CD6D221E64A2B400E0B0C6 /* AppDelegate.swift */; };
		55CD6D251E64A2B400E0B0C6 /* ViewController.swift in Sources */ = {isa = PBXBuildFile; fileRef = 55CD6D241E64A2B400E0B0C6 /* ViewController.swift */; };
		55CD6D281E64A2B400E0B0C6 /* Main.storyboard in Resources */ = {isa = PBXBuildFile; fileRef = 55CD6D261E64A2B400E0B0C6 /* Main.storyboard */; };
		55CD6D2A1E64A2B400E0B0C6 /* Assets.xcassets in Resources */ = {isa = PBXBuildFile; fileRef = 55CD6D291E64A2B400E0B0C6 /* Assets.xcassets */; };
		55CD6D2D1E64A2B400E0B0C6 /* LaunchScreen.storyboard in Resources */ = {isa = PBXBuildFile; fileRef = 55CD6D2B1E64A2B400E0B0C6 /* LaunchScreen.storyboard */; };
		55CD6D361E64A2FF00E0B0C6 /* RealModels.swift in Sources */ = {isa = PBXBuildFile; fileRef = 55CD6D351E64A2FF00E0B0C6 /* RealModels.swift */; };
		55CD6D381E64B59B00E0B0C6 /* RealmService.swift in Sources */ = {isa = PBXBuildFile; fileRef = 55CD6D371E64B59B00E0B0C6 /* RealmService.swift */; };
		B991181B2B79E6D19BFF340D /* Pods_realmDemo.framework in Frameworks */ = {isa = PBXBuildFile; fileRef = 7D32CA8CD126C4DB51274092 /* Pods_realmDemo.framework */; };
/* End PBXBuildFile section */

/* Begin PBXFileReference section */
		55CD6D1F1E64A2B400E0B0C6 /* realmDemo.app */ = {isa = PBXFileReference; explicitFileType = wrapper.application; includeInIndex = 0; path = realmDemo.app; sourceTree = BUILT_PRODUCTS_DIR; };
		55CD6D221E64A2B400E0B0C6 /* AppDelegate.swift */ = {isa = PBXFileReference; lastKnownFileType = sourcecode.swift; path = AppDelegate.swift; sourceTree = "<group>"; };
		55CD6D241E64A2B400E0B0C6 /* ViewController.swift */ = {isa = PBXFileReference; lastKnownFileType = sourcecode.swift; path = ViewController.swift; sourceTree = "<group>"; };
		55CD6D271E64A2B400E0B0C6 /* Base */ = {isa = PBXFileReference; lastKnownFileType = file.storyboard; name = Base; path = Base.lproj/Main.storyboard; sourceTree = "<group>"; };
		55CD6D291E64A2B400E0B0C6 /* Assets.xcassets */ = {isa = PBXFileReference; lastKnownFileType = folder.assetcatalog; path = Assets.xcassets; sourceTree = "<group>"; };
		55CD6D2C1E64A2B400E0B0C6 /* Base */ = {isa = PBXFileReference; lastKnownFileType = file.storyboard; name = Base; path = Base.lproj/LaunchScreen.storyboard; sourceTree = "<group>"; };
		55CD6D2E1E64A2B400E0B0C6 /* Info.plist */ = {isa = PBXFileReference; lastKnownFileType = text.plist.xml; path = Info.plist; sourceTree = "<group>"; };
		55CD6D351E64A2FF00E0B0C6 /* RealModels.swift */ = {isa = PBXFileReference; fileEncoding = 4; lastKnownFileType = sourcecode.swift; path = RealModels.swift; sourceTree = "<group>"; };
		55CD6D371E64B59B00E0B0C6 /* RealmService.swift */ = {isa = PBXFileReference; fileEncoding = 4; lastKnownFileType = sourcecode.swift; path = RealmService.swift; sourceTree = "<group>"; };
		7D32CA8CD126C4DB51274092 /* Pods_realmDemo.framework */ = {isa = PBXFileReference; explicitFileType = wrapper.framework; includeInIndex = 0; path = Pods_realmDemo.framework; sourceTree = BUILT_PRODUCTS_DIR; };
		D2749C439645FF0EAFE45A9E /* Pods-realmDemo.release.xcconfig */ = {isa = PBXFileReference; includeInIndex = 1; lastKnownFileType = text.xcconfig; name = "Pods-realmDemo.release.xcconfig"; path = "Pods/Target Support Files/Pods-realmDemo/Pods-realmDemo.release.xcconfig"; sourceTree = "<group>"; };
		DD50B53AF6BC35F048DD8BC9 /* Pods-realmDemo.debug.xcconfig */ = {isa = PBXFileReference; includeInIndex = 1; lastKnownFileType = text.xcconfig; name = "Pods-realmDemo.debug.xcconfig"; path = "Pods/Target Support Files/Pods-realmDemo/Pods-realmDemo.debug.xcconfig"; sourceTree = "<group>"; };
/* End PBXFileReference section */

/* Begin PBXFrameworksBuildPhase section */
		55CD6D1C1E64A2B400E0B0C6 /* Frameworks */ = {
			isa = PBXFrameworksBuildPhase;
			buildActionMask = 2147483647;
			files = (
				B991181B2B79E6D19BFF340D /* Pods_realmDemo.framework in Frameworks */,
			);
			runOnlyForDeploymentPostprocessing = 0;
		};
/* End PBXFrameworksBuildPhase section */

/* Begin PBXGroup section */
		55CD6D161E64A2B400E0B0C6 = {
			isa = PBXGroup;
			children = (
				55CD6D211E64A2B400E0B0C6 /* realmDemo */,
				55CD6D201E64A2B400E0B0C6 /* Products */,
				8F2C65FC17CE8EAC10AE092B /* Pods */,
				7600E463A1415D7B8EE9136B /* Frameworks */,
			);
			sourceTree = "<group>";
		};
		55CD6D201E64A2B400E0B0C6 /* Products */ = {
			isa = PBXGroup;
			children = (
				55CD6D1F1E64A2B400E0B0C6 /* realmDemo.app */,
			);
			name = Products;
			sourceTree = "<group>";
		};
		55CD6D211E64A2B400E0B0C6 /* realmDemo */ = {
			isa = PBXGroup;
			children = (
				55CD6D341E64A2D700E0B0C6 /* Models */,
				55CD6D221E64A2B400E0B0C6 /* AppDelegate.swift */,
				55CD6D241E64A2B400E0B0C6 /* ViewController.swift */,
				55CD6D261E64A2B400E0B0C6 /* Main.storyboard */,
				55CD6D291E64A2B400E0B0C6 /* Assets.xcassets */,
				55CD6D2B1E64A2B400E0B0C6 /* LaunchScreen.storyboard */,
				55CD6D2E1E64A2B400E0B0C6 /* Info.plist */,
				55CD6D371E64B59B00E0B0C6 /* RealmService.swift */,
			);
			path = realmDemo;
			sourceTree = "<group>";
		};
		55CD6D341E64A2D700E0B0C6 /* Models */ = {
			isa = PBXGroup;
			children = (
				55CD6D351E64A2FF00E0B0C6 /* RealModels.swift */,
			);
			name = Models;
			sourceTree = "<group>";
		};
		7600E463A1415D7B8EE9136B /* Frameworks */ = {
			isa = PBXGroup;
			children = (
				7D32CA8CD126C4DB51274092 /* Pods_realmDemo.framework */,
			);
			name = Frameworks;
			sourceTree = "<group>";
		};
		8F2C65FC17CE8EAC10AE092B /* Pods */ = {
			isa = PBXGroup;
			children = (
				DD50B53AF6BC35F048DD8BC9 /* Pods-realmDemo.debug.xcconfig */,
				D2749C439645FF0EAFE45A9E /* Pods-realmDemo.release.xcconfig */,
			);
			name = Pods;
			sourceTree = "<group>";
		};
/* End PBXGroup section */

/* Begin PBXNativeTarget section */
		55CD6D1E1E64A2B400E0B0C6 /* realmDemo */ = {
			isa = PBXNativeTarget;
			buildConfigurationList = 55CD6D311E64A2B400E0B0C6 /* Build configuration list for PBXNativeTarget "realmDemo" */;
			buildPhases = (
				1A81AFA509E7131ACD382839 /* [CP] Check Pods Manifest.lock */,
				55CD6D1B1E64A2B400E0B0C6 /* Sources */,
				55CD6D1C1E64A2B400E0B0C6 /* Frameworks */,
				55CD6D1D1E64A2B400E0B0C6 /* Resources */,
				96E69C2D75D8CA68FAA7A3A4 /* [CP] Embed Pods Frameworks */,
				C98D013F1C1D4BF3AA0E82A8 /* [CP] Copy Pods Resources */,
			);
			buildRules = (
			);
			dependencies = (
			);
			name = realmDemo;
			productName = realmDemo;
			productReference = 55CD6D1F1E64A2B400E0B0C6 /* realmDemo.app */;
			productType = "com.apple.product-type.application";
		};
/* End PBXNativeTarget section */

/* Begin PBXProject section */
		55CD6D171E64A2B400E0B0C6 /* Project object */ = {
			isa = PBXProject;
			attributes = {
				LastSwiftUpdateCheck = 0820;
				LastUpgradeCheck = 0820;
				ORGANIZATIONNAME = devf;
				TargetAttributes = {
					55CD6D1E1E64A2B400E0B0C6 = {
						CreatedOnToolsVersion = 8.2.1;
						ProvisioningStyle = Automatic;
					};
				};
			};
			buildConfigurationList = 55CD6D1A1E64A2B400E0B0C6 /* Build configuration list for PBXProject "realmDemo" */;
			compatibilityVersion = "Xcode 3.2";
			developmentRegion = English;
			hasScannedForEncodings = 0;
			knownRegions = (
				en,
				Base,
			);
			mainGroup = 55CD6D161E64A2B400E0B0C6;
			productRefGroup = 55CD6D201E64A2B400E0B0C6 /* Products */;
			projectDirPath = "";
			projectRoot = "";
			targets = (
				55CD6D1E1E64A2B400E0B0C6 /* realmDemo */,
			);
		};
/* End PBXProject section */

/* Begin PBXResourcesBuildPhase section */
		55CD6D1D1E64A2B400E0B0C6 /* Resources */ = {
			isa = PBXResourcesBuildPhase;
			buildActionMask = 2147483647;
			files = (
				55CD6D2D1E64A2B400E0B0C6 /* LaunchScreen.storyboard in Resources */,
				55CD6D2A1E64A2B400E0B0C6 /* Assets.xcassets in Resources */,
				55CD6D281E64A2B400E0B0C6 /* Main.storyboard in Resources */,
			);
			runOnlyForDeploymentPostprocessing = 0;
		};
/* End PBXResourcesBuildPhase section */

/* Begin PBXShellScriptBuildPhase section */
		1A81AFA509E7131ACD382839 /* [CP] Check Pods Manifest.lock */ = {
			isa = PBXShellScriptBuildPhase;
			buildActionMask = 2147483647;
			files = (
			);
			inputPaths = (
			);
			name = "[CP] Check Pods Manifest.lock";
			outputPaths = (
			);
			runOnlyForDeploymentPostprocessing = 0;
			shellPath = /bin/sh;
			shellScript = "diff \"${PODS_ROOT}/../Podfile.lock\" \"${PODS_ROOT}/Manifest.lock\" > /dev/null\nif [ $? != 0 ] ; then\n    # print error to STDERR\n    echo \"error: The sandbox is not in sync with the Podfile.lock. Run 'pod install' or update your CocoaPods installation.\" >&2\n    exit 1\nfi\n";
			showEnvVarsInLog = 0;
		};
		96E69C2D75D8CA68FAA7A3A4 /* [CP] Embed Pods Frameworks */ = {
			isa = PBXShellScriptBuildPhase;
			buildActionMask = 2147483647;
			files = (
			);
			inputPaths = (
			);
			name = "[CP] Embed Pods Frameworks";
			outputPaths = (
			);
			runOnlyForDeploymentPostprocessing = 0;
			shellPath = /bin/sh;
			shellScript = "\"${SRCROOT}/Pods/Target Support Files/Pods-realmDemo/Pods-realmDemo-frameworks.sh\"\n";
			showEnvVarsInLog = 0;
		};
		C98D013F1C1D4BF3AA0E82A8 /* [CP] Copy Pods Resources */ = {
			isa = PBXShellScriptBuildPhase;
			buildActionMask = 2147483647;
			files = (
			);
			inputPaths = (
			);
			name = "[CP] Copy Pods Resources";
			outputPaths = (
			);
			runOnlyForDeploymentPostprocessing = 0;
			shellPath = /bin/sh;
			shellScript = "\"${SRCROOT}/Pods/Target Support Files/Pods-realmDemo/Pods-realmDemo-resources.sh\"\n";
			showEnvVarsInLog = 0;
		};
/* End PBXShellScriptBuildPhase section */

/* Begin PBXSourcesBuildPhase section */
		55CD6D1B1E64A2B400E0B0C6 /* Sources */ = {
			isa = PBXSourcesBuildPhase;
			buildActionMask = 2147483647;
			files = (
				55CD6D251E64A2B400E0B0C6 /* ViewController.swift in Sources */,
				55CD6D361E64A2FF00E0B0C6 /* RealModels.swift in Sources */,
				55CD6D231E64A2B400E0B0C6 /* AppDelegate.swift in Sources */,
				55CD6D381E64B59B00E0B0C6 /* RealmService.swift in Sources */,
			);
			runOnlyForDeploymentPostprocessing = 0;
		};
/* End PBXSourcesBuildPhase section */

/* Begin PBXVariantGroup section */
		55CD6D261E64A2B400E0B0C6 /* Main.storyboard */ = {
			isa = PBXVariantGroup;
			children = (
				55CD6D271E64A2B400E0B0C6 /* Base */,
			);
			name = Main.storyboard;
			sourceTree = "<group>";
		};
		55CD6D2B1E64A2B400E0B0C6 /* LaunchScreen.storyboard */ = {
			isa = PBXVariantGroup;
			children = (
				55CD6D2C1E64A2B400E0B0C6 /* Base */,
			);
			name = LaunchScreen.storyboard;
			sourceTree = "<group>";
		};
/* End PBXVariantGroup section */

/* Begin XCBuildConfiguration section */
		55CD6D2F1E64A2B400E0B0C6 /* Debug */ = {
			isa = XCBuildConfiguration;
			buildSettings = {
				ALWAYS_SEARCH_USER_PATHS = NO;
				CLANG_ANALYZER_NONNULL = YES;
				CLANG_CXX_LANGUAGE_STANDARD = "gnu++0x";
				CLANG_CXX_LIBRARY = "libc++";
				CLANG_ENABLE_MODULES = YES;
				CLANG_ENABLE_OBJC_ARC = YES;
				CLANG_WARN_BOOL_CONVERSION = YES;
				CLANG_WARN_CONSTANT_CONVERSION = YES;
				CLANG_WARN_DIRECT_OBJC_ISA_USAGE = YES_ERROR;
				CLANG_WARN_DOCUMENTATION_COMMENTS = YES;
				CLANG_WARN_EMPTY_BODY = YES;
				CLANG_WARN_ENUM_CONVERSION = YES;
				CLANG_WARN_INFINITE_RECURSION = YES;
				CLANG_WARN_INT_CONVERSION = YES;
				CLANG_WARN_OBJC_ROOT_CLASS = YES_ERROR;
				CLANG_WARN_SUSPICIOUS_MOVE = YES;
				CLANG_WARN_UNREACHABLE_CODE = YES;
				CLANG_WARN__DUPLICATE_METHOD_MATCH = YES;
				"CODE_SIGN_IDENTITY[sdk=iphoneos*]" = "iPhone Developer";
				COPY_PHASE_STRIP = NO;
				DEBUG_INFORMATION_FORMAT = dwarf;
				ENABLE_STRICT_OBJC_MSGSEND = YES;
				ENABLE_TESTABILITY = YES;
				GCC_C_LANGUAGE_STANDARD = gnu99;
				GCC_DYNAMIC_NO_PIC = NO;
				GCC_NO_COMMON_BLOCKS = YES;
				GCC_OPTIMIZATION_LEVEL = 0;
				GCC_PREPROCESSOR_DEFINITIONS = (
					"DEBUG=1",
					"$(inherited)",
				);
				GCC_WARN_64_TO_32_BIT_CONVERSION = YES;
				GCC_WARN_ABOUT_RETURN_TYPE = YES_ERROR;
				GCC_WARN_UNDECLARED_SELECTOR = YES;
				GCC_WARN_UNINITIALIZED_AUTOS = YES_AGGRESSIVE;
				GCC_WARN_UNUSED_FUNCTION = YES;
				GCC_WARN_UNUSED_VARIABLE = YES;
				IPHONEOS_DEPLOYMENT_TARGET = 10.2;
				MTL_ENABLE_DEBUG_INFO = YES;
				ONLY_ACTIVE_ARCH = YES;
				SDKROOT = iphoneos;
				SWIFT_ACTIVE_COMPILATION_CONDITIONS = DEBUG;
				SWIFT_OPTIMIZATION_LEVEL = "-Onone";
			};
			name = Debug;
		};
		55CD6D301E64A2B400E0B0C6 /* Release */ = {
			isa = XCBuildConfiguration;
			buildSettings = {
				ALWAYS_SEARCH_USER_PATHS = NO;
				CLANG_ANALYZER_NONNULL = YES;
				CLANG_CXX_LANGUAGE_STANDARD = "gnu++0x";
				CLANG_CXX_LIBRARY = "libc++";
				CLANG_ENABLE_MODULES = YES;
				CLANG_ENABLE_OBJC_ARC = YES;
				CLANG_WARN_BOOL_CONVERSION = YES;
				CLANG_WARN_CONSTANT_CONVERSION = YES;
				CLANG_WARN_DIRECT_OBJC_ISA_USAGE = YES_ERROR;
				CLANG_WARN_DOCUMENTATION_COMMENTS = YES;
				CLANG_WARN_EMPTY_BODY = YES;
				CLANG_WARN_ENUM_CONVERSION = YES;
				CLANG_WARN_INFINITE_RECURSION = YES;
				CLANG_WARN_INT_CONVERSION = YES;
				CLANG_WARN_OBJC_ROOT_CLASS = YES_ERROR;
				CLANG_WARN_SUSPICIOUS_MOVE = YES;
				CLANG_WARN_UNREACHABLE_CODE = YES;
				CLANG_WARN__DUPLICATE_METHOD_MATCH = YES;
				"CODE_SIGN_IDENTITY[sdk=iphoneos*]" = "iPhone Developer";
				COPY_PHASE_STRIP = NO;
				DEBUG_INFORMATION_FORMAT = "dwarf-with-dsym";
				ENABLE_NS_ASSERTIONS = NO;
				ENABLE_STRICT_OBJC_MSGSEND = YES;
				GCC_C_LANGUAGE_STANDARD = gnu99;
				GCC_NO_COMMON_BLOCKS = YES;
				GCC_WARN_64_TO_32_BIT_CONVERSION = YES;
				GCC_WARN_ABOUT_RETURN_TYPE = YES_ERROR;
				GCC_WARN_UNDECLARED_SELECTOR = YES;
				GCC_WARN_UNINITIALIZED_AUTOS = YES_AGGRESSIVE;
				GCC_WARN_UNUSED_FUNCTION = YES;
				GCC_WARN_UNUSED_VARIABLE = YES;
				IPHONEOS_DEPLOYMENT_TARGET = 10.2;
				MTL_ENABLE_DEBUG_INFO = NO;
				SDKROOT = iphoneos;
				SWIFT_OPTIMIZATION_LEVEL = "-Owholemodule";
				VALIDATE_PRODUCT = YES;
			};
			name = Release;
		};
		55CD6D321E64A2B400E0B0C6 /* Debug */ = {
			isa = XCBuildConfiguration;
			baseConfigurationReference = DD50B53AF6BC35F048DD8BC9 /* Pods-realmDemo.debug.xcconfig */;
			buildSettings = {
				ASSETCATALOG_COMPILER_APPICON_NAME = AppIcon;
				INFOPLIST_FILE = realmDemo/Info.plist;
				LD_RUNPATH_SEARCH_PATHS = "$(inherited) @executable_path/Frameworks";
				PRODUCT_BUNDLE_IDENTIFIER = com.devf.realmDemo;
				PRODUCT_NAME = "$(TARGET_NAME)";
				SWIFT_VERSION = 3.0;
			};
			name = Debug;
		};
		55CD6D331E64A2B400E0B0C6 /* Release */ = {
			isa = XCBuildConfiguration;
			baseConfigurationReference = D2749C439645FF0EAFE45A9E /* Pods-realmDemo.release.xcconfig */;
			buildSettings = {
				ASSETCATALOG_COMPILER_APPICON_NAME = AppIcon;
				INFOPLIST_FILE = realmDemo/Info.plist;
				LD_RUNPATH_SEARCH_PATHS = "$(inherited) @executable_path/Frameworks";
				PRODUCT_BUNDLE_IDENTIFIER = com.devf.realmDemo;
				PRODUCT_NAME = "$(TARGET_NAME)";
				SWIFT_VERSION = 3.0;
			};
			name = Release;
		};
/* End XCBuildConfiguration section */

/* Begin XCConfigurationList section */
		55CD6D1A1E64A2B400E0B0C6 /* Build configuration list for PBXProject "realmDemo" */ = {
			isa = XCConfigurationList;
			buildConfigurations = (
				55CD6D2F1E64A2B400E0B0C6 /* Debug */,
				55CD6D301E64A2B400E0B0C6 /* Release */,
			);
			defaultConfigurationIsVisible = 0;
			defaultConfigurationName = Release;
		};
		55CD6D311E64A2B400E0B0C6 /* Build configuration list for PBXNativeTarget "realmDemo" */ = {
			isa = XCConfigurationList;
			buildConfigurations = (
				55CD6D321E64A2B400E0B0C6 /* Debug */,
				55CD6D331E64A2B400E0B0C6 /* Release */,
			);
			defaultConfigurationIsVisible = 0;
			defaultConfigurationName = Release;
		};
/* End XCConfigurationList section */
	};
	rootObject = 55CD6D171E64A2B400E0B0C6 /* Project object */;
}
